
Microsoft Visual Studio Solution File, Format Version 12.00
# Visual Studio 15
VisualStudioVersion = 15.0.28307.136
MinimumVisualStudioVersion = 10.0.40219.1
Project("{FAE04EC0-301F-11D3-BF4B-00C04F79EFBC}") = "AzureTools", "AzureTools\AzureTools.csproj", "{1E7D47C8-F1D7-4354-8635-F3127CCDCF4A}"
EndProject
Global
	GlobalSection(SolutionConfigurationPlatforms) = preSolution
		Debug|Any CPU = Debug|Any CPU
		Release|Any CPU = Release|Any CPU
	EndGlobalSection
	GlobalSection(ProjectConfigurationPlatforms) = postSolution
		{1E7D47C8-F1D7-4354-8635-F3127CCDCF4A}.Debug|Any CPU.ActiveCfg = Debug|Any CPU
		{1E7D47C8-F1D7-4354-8635-F3127CCDCF4A}.Debug|Any CPU.Build.0 = Debug|Any CPU
		{1E7D47C8-F1D7-4354-8635-F3127CCDCF4A}.Release|Any CPU.ActiveCfg = Release|Any CPU
		{1E7D47C8-F1D7-4354-8635-F3127CCDCF4A}.Release|Any CPU.Build.0 = Release|Any CPU
	EndGlobalSection
	GlobalSection(SolutionProperties) = preSolution
		HideSolutionNode = FALSE
	EndGlobalSection
	GlobalSection(ExtensibilityGlobals) = postSolution
		SolutionGuid = {77F375BC-8750-4FCD-9091-CC5E1D11E6ED}
	EndGlobalSection
EndGlobal
